// !$*UTF8*$!
{
	archiveVersion = 1;
	classes = {
	};
	objectVersion = 46;
	objects = {

/* Begin PBXBuildFile section */
		24F34ADA1B2B20A10020C09D /* main.m in Sources */ = {isa = PBXBuildFile; fileRef = 24F34AD91B2B20A10020C09D /* main.m */; };
		24F34ADD1B2B20A10020C09D /* AppDelegate.m in Sources */ = {isa = PBXBuildFile; fileRef = 24F34ADC1B2B20A10020C09D /* AppDelegate.m */; };
		24F34AE01B2B20A10020C09D /* ViewController.m in Sources */ = {isa = PBXBuildFile; fileRef = 24F34ADF1B2B20A10020C09D /* ViewController.m */; };
		24F34AE31B2B20A10020C09D /* Main.storyboard in Resources */ = {isa = PBXBuildFile; fileRef = 24F34AE11B2B20A10020C09D /* Main.storyboard */; };
		24F34AE51B2B20A10020C09D /* Images.xcassets in Resources */ = {isa = PBXBuildFile; fileRef = 24F34AE41B2B20A10020C09D /* Images.xcassets */; };
		24F34AE81B2B20A10020C09D /* LaunchScreen.xib in Resources */ = {isa = PBXBuildFile; fileRef = 24F34AE61B2B20A10020C09D /* LaunchScreen.xib */; };
		24F34AF41B2B20A10020C09D /* CameraExampleTests.m in Sources */ = {isa = PBXBuildFile; fileRef = 24F34AF31B2B20A10020C09D /* CameraExampleTests.m */; };
/* End PBXBuildFile section */

/* Begin PBXContainerItemProxy section */
		24F34AEE1B2B20A10020C09D /* PBXContainerItemProxy */ = {
			isa = PBXContainerItemProxy;
			containerPortal = 24F34ACC1B2B20A10020C09D /* Project object */;
			proxyType = 1;
			remoteGlobalIDString = 24F34AD31B2B20A10020C09D;
			remoteInfo = CameraExample;
		};
/* End PBXContainerItemProxy section */

/* Begin PBXFileReference section */
		24F34AD41B2B20A10020C09D /* CameraExample.app */ = {isa = PBXFileReference; explicitFileType = wrapper.application; includeInIndex = 0; path = CameraExample.app; sourceTree = BUILT_PRODUCTS_DIR; };
		24F34AD81B2B20A10020C09D /* Info.plist */ = {isa = PBXFileReference; lastKnownFileType = text.plist.xml; path = Info.plist; sourceTree = "<group>"; };
		24F34AD91B2B20A10020C09D /* main.m */ = {isa = PBXFileReference; lastKnownFileType = sourcecode.c.objc; path = main.m; sourceTree = "<group>"; };
		24F34ADB1B2B20A10020C09D /* AppDelegate.h */ = {isa = PBXFileReference; lastKnownFileType = sourcecode.c.h; path = AppDelegate.h; sourceTree = "<group>"; };
		24F34ADC1B2B20A10020C09D /* AppDelegate.m */ = {isa = PBXFileReference; lastKnownFileType = sourcecode.c.objc; path = AppDelegate.m; sourceTree = "<group>"; };
		24F34ADE1B2B20A10020C09D /* ViewController.h */ = {isa = PBXFileReference; lastKnownFileType = sourcecode.c.h; path = ViewController.h; sourceTree = "<group>"; };
		24F34ADF1B2B20A10020C09D /* ViewController.m */ = {isa = PBXFileReference; lastKnownFileType = sourcecode.c.objc; path = ViewController.m; sourceTree = "<group>"; };
		24F34AE21B2B20A10020C09D /* Base */ = {isa = PBXFileReference; lastKnownFileType = file.storyboard; name = Base; path = Base.lproj/Main.storyboard; sourceTree = "<group>"; };
		24F34AE41B2B20A10020C09D /* Images.xcassets */ = {isa = PBXFileReference; lastKnownFileType = folder.assetcatalog; path = Images.xcassets; sourceTree = "<group>"; };
		24F34AE71B2B20A10020C09D /* Base */ = {isa = PBXFileReference; lastKnownFileType = file.xib; name = Base; path = Base.lproj/LaunchScreen.xib; sourceTree = "<group>"; };
		24F34AED1B2B20A10020C09D /* CameraExampleTests.xctest */ = {isa = PBXFileReference; explicitFileType = wrapper.cfbundle; includeInIndex = 0; path = CameraExampleTests.xctest; sourceTree = BUILT_PRODUCTS_DIR; };
		24F34AF21B2B20A10020C09D /* Info.plist */ = {isa = PBXFileReference; lastKnownFileType = text.plist.xml; path = Info.plist; sourceTree = "<group>"; };
		24F34AF31B2B20A10020C09D /* CameraExampleTests.m */ = {isa = PBXFileReference; lastKnownFileType = sourcecode.c.objc; path = CameraExampleTests.m; sourceTree = "<group>"; };
/* End PBXFileReference section */

/* Begin PBXFrameworksBuildPhase section */
		24F34AD11B2B20A10020C09D /* Frameworks */ = {
			isa = PBXFrameworksBuildPhase;
			buildActionMask = 2147483647;
			files = (
			);
			runOnlyForDeploymentPostprocessing = 0;
		};
		24F34AEA1B2B20A10020C09D /* Frameworks */ = {
			isa = PBXFrameworksBuildPhase;
			buildActionMask = 2147483647;
			files = (
			);
			runOnlyForDeploymentPostprocessing = 0;
		};
/* End PBXFrameworksBuildPhase section */

/* Begin PBXGroup section */
		24F34ACB1B2B20A10020C09D = {
			isa = PBXGroup;
			children = (
				24F34AD61B2B20A10020C09D /* CameraExample */,
				24F34AF01B2B20A10020C09D /* CameraExampleTests */,
				24F34AD51B2B20A10020C09D /* Products */,
			);
			sourceTree = "<group>";
		};
		24F34AD51B2B20A10020C09D /* Products */ = {
			isa = PBXGroup;
			children = (
				24F34AD41B2B20A10020C09D /* CameraExample.app */,
				24F34AED1B2B20A10020C09D /* CameraExampleTests.xctest */,
			);
			name = Products;
			sourceTree = "<group>";
		};
		24F34AD61B2B20A10020C09D /* CameraExample */ = {
			isa = PBXGroup;
			children = (
				24F34ADB1B2B20A10020C09D /* AppDelegate.h */,
				24F34ADC1B2B20A10020C09D /* AppDelegate.m */,
				24F34ADE1B2B20A10020C09D /* ViewController.h */,
				24F34ADF1B2B20A10020C09D /* ViewController.m */,
				24F34AE11B2B20A10020C09D /* Main.storyboard */,
				24F34AE41B2B20A10020C09D /* Images.xcassets */,
				24F34AE61B2B20A10020C09D /* LaunchScreen.xib */,
				24F34AD71B2B20A10020C09D /* Supporting Files */,
			);
			path = CameraExample;
			sourceTree = "<group>";
		};
		24F34AD71B2B20A10020C09D /* Supporting Files */ = {
			isa = PBXGroup;
			children = (
				24F34AD81B2B20A10020C09D /* Info.plist */,
				24F34AD91B2B20A10020C09D /* main.m */,
			);
			name = "Supporting Files";
			sourceTree = "<group>";
		};
		24F34AF01B2B20A10020C09D /* CameraExampleTests */ = {
			isa = PBXGroup;
			children = (
				24F34AF31B2B20A10020C09D /* CameraExampleTests.m */,
				24F34AF11B2B20A10020C09D /* Supporting Files */,
			);
			path = CameraExampleTests;
			sourceTree = "<group>";
		};
		24F34AF11B2B20A10020C09D /* Supporting Files */ = {
			isa = PBXGroup;
			children = (
				24F34AF21B2B20A10020C09D /* Info.plist */,
			);
			name = "Supporting Files";
			sourceTree = "<group>";
		};
/* End PBXGroup section */

/* Begin PBXNativeTarget section */
		24F34AD31B2B20A10020C09D /* CameraExample */ = {
			isa = PBXNativeTarget;
			buildConfigurationList = 24F34AF71B2B20A10020C09D /* Build configuration list for PBXNativeTarget "CameraExample" */;
			buildPhases = (
				24F34AD01B2B20A10020C09D /* Sources */,
				24F34AD11B2B20A10020C09D /* Frameworks */,
				24F34AD21B2B20A10020C09D /* Resources */,
			);
			buildRules = (
			);
			dependencies = (
			);
			name = CameraExample;
			productName = CameraExample;
			productReference = 24F34AD41B2B20A10020C09D /* CameraExample.app */;
			productType = "com.apple.product-type.application";
		};
		24F34AEC1B2B20A10020C09D /* CameraExampleTests */ = {
			isa = PBXNativeTarget;
			buildConfigurationList = 24F34AFA1B2B20A10020C09D /* Build configuration list for PBXNativeTarget "CameraExampleTests" */;
			buildPhases = (
				24F34AE91B2B20A10020C09D /* Sources */,
				24F34AEA1B2B20A10020C09D /* Frameworks */,
				24F34AEB1B2B20A10020C09D /* Resources */,
			);
			buildRules = (
			);
			dependencies = (
				24F34AEF1B2B20A10020C09D /* PBXTargetDependency */,
			);
			name = CameraExampleTests;
			productName = CameraExampleTests;
			productReference = 24F34AED1B2B20A10020C09D /* CameraExampleTests.xctest */;
			productType = "com.apple.product-type.bundle.unit-test";
		};
/* End PBXNativeTarget section */

/* Begin PBXProject section */
		24F34ACC1B2B20A10020C09D /* Project object */ = {
			isa = PBXProject;
			attributes = {
				LastUpgradeCheck = 0630;
				ORGANIZATIONNAME = "Ugur Donmez";
				TargetAttributes = {
					24F34AD31B2B20A10020C09D = {
						CreatedOnToolsVersion = 6.3.2;
						DevelopmentTeam = 7QPA73MHW5;
					};
					24F34AEC1B2B20A10020C09D = {
						CreatedOnToolsVersion = 6.3.2;
						TestTargetID = 24F34AD31B2B20A10020C09D;
					};
				};
			};
			buildConfigurationList = 24F34ACF1B2B20A10020C09D /* Build configuration list for PBXProject "CameraExample" */;
			compatibilityVersion = "Xcode 3.2";
			developmentRegion = English;
			hasScannedForEncodings = 0;
			knownRegions = (
				en,
				Base,
			);
			mainGroup = 24F34ACB1B2B20A10020C09D;
			productRefGroup = 24F34AD51B2B20A10020C09D /* Products */;
			projectDirPath = "";
			projectRoot = "";
			targets = (
				24F34AD31B2B20A10020C09D /* CameraExample */,
				24F34AEC1B2B20A10020C09D /* CameraExampleTests */,
			);
		};
/* End PBXProject section */

/* Begin PBXResourcesBuildPhase section */
		24F34AD21B2B20A10020C09D /* Resources */ = {
			isa = PBXResourcesBuildPhase;
			buildActionMask = 2147483647;
			files = (
				24F34AE31B2B20A10020C09D /* Main.storyboard in Resources */,
				24F34AE81B2B20A10020C09D /* LaunchScreen.xib in Resources */,
				24F34AE51B2B20A10020C09D /* Images.xcassets in Resources */,
			);
			runOnlyForDeploymentPostprocessing = 0;
		};
		24F34AEB1B2B20A10020C09D /* Resources */ = {
			isa = PBXResourcesBuildPhase;
			buildActionMask = 2147483647;
			files = (
			);
			runOnlyForDeploymentPostprocessing = 0;
		};
/* End PBXResourcesBuildPhase section */

/* Begin PBXSourcesBuildPhase section */
		24F34AD01B2B20A10020C09D /* Sources */ = {
			isa = PBXSourcesBuildPhase;
			buildActionMask = 2147483647;
			files = (
				24F34AE01B2B20A10020C09D /* ViewController.m in Sources */,
				24F34ADD1B2B20A10020C09D /* AppDelegate.m in Sources */,
				24F34ADA1B2B20A10020C09D /* main.m in Sources */,
			);
			runOnlyForDeploymentPostprocessing = 0;
		};
		24F34AE91B2B20A10020C09D /* Sources */ = {
			isa = PBXSourcesBuildPhase;
			buildActionMask = 2147483647;
			files = (
				24F34AF41B2B20A10020C09D /* CameraExampleTests.m in Sources */,
			);
			runOnlyForDeploymentPostprocessing = 0;
		};
/* End PBXSourcesBuildPhase section */

/* Begin PBXTargetDependency section */
		24F34AEF1B2B20A10020C09D /* PBXTargetDependency */ = {
			isa = PBXTargetDependency;
			target = 24F34AD31B2B20A10020C09D /* CameraExample */;
			targetProxy = 24F34AEE1B2B20A10020C09D /* PBXContainerItemProxy */;
		};
/* End PBXTargetDependency section */

/* Begin PBXVariantGroup section */
		24F34AE11B2B20A10020C09D /* Main.storyboard */ = {
			isa = PBXVariantGroup;
			children = (
				24F34AE21B2B20A10020C09D /* Base */,
			);
			name = Main.storyboard;
			sourceTree = "<group>";
		};
		24F34AE61B2B20A10020C09D /* LaunchScreen.xib */ = {
			isa = PBXVariantGroup;
			children = (
				24F34AE71B2B20A10020C09D /* Base */,
			);
			name = LaunchScreen.xib;
			sourceTree = "<group>";
		};
/* End PBXVariantGroup section */

/* Begin XCBuildConfiguration section */
		24F34AF51B2B20A10020C09D /* Debug */ = {
			isa = XCBuildConfiguration;
			buildSettings = {
				ALWAYS_SEARCH_USER_PATHS = NO;
				CLANG_CXX_LANGUAGE_STANDARD = "gnu++0x";
				CLANG_CXX_LIBRARY = "libc++";
				CLANG_ENABLE_MODULES = YES;
				CLANG_ENABLE_OBJC_ARC = YES;
				CLANG_WARN_BOOL_CONVERSION = YES;
				CLANG_WARN_CONSTANT_CONVERSION = YES;
				CLANG_WARN_DIRECT_OBJC_ISA_USAGE = YES_ERROR;
				CLANG_WARN_EMPTY_BODY = YES;
				CLANG_WARN_ENUM_CONVERSION = YES;
				CLANG_WARN_INT_CONVERSION = YES;
				CLANG_WARN_OBJC_ROOT_CLASS = YES_ERROR;
				CLANG_WARN_UNREACHABLE_CODE = YES;
				CLANG_WARN__DUPLICATE_METHOD_MATCH = YES;
				"CODE_SIGN_IDENTITY[sdk=iphoneos*]" = "iPhone Developer";
				COPY_PHASE_STRIP = NO;
				DEBUG_INFORMATION_FORMAT = "dwarf-with-dsym";
				ENABLE_STRICT_OBJC_MSGSEND = YES;
				GCC_C_LANGUAGE_STANDARD = gnu99;
				GCC_DYNAMIC_NO_PIC = NO;
				GCC_NO_COMMON_BLOCKS = YES;
				GCC_OPTIMIZATION_LEVEL = 0;
				GCC_PREPROCESSOR_DEFINITIONS = (
					"DEBUG=1",
					"$(inherited)",
				);
				GCC_SYMBOLS_PRIVATE_EXTERN = NO;
				GCC_WARN_64_TO_32_BIT_CONVERSION = YES;
				GCC_WARN_ABOUT_RETURN_TYPE = YES_ERROR;
				GCC_WARN_UNDECLARED_SELECTOR = YES;
				GCC_WARN_UNINITIALIZED_AUTOS = YES_AGGRESSIVE;
				GCC_WARN_UNUSED_FUNCTION = YES;
				GCC_WARN_UNUSED_VARIABLE = YES;
				IPHONEOS_DEPLOYMENT_TARGET = 8.3;
				MTL_ENABLE_DEBUG_INFO = YES;
				ONLY_ACTIVE_ARCH = YES;
				SDKROOT = iphoneos;
				TARGETED_DEVICE_FAMILY = "1,2";
			};
			name = Debug;
		};
		24F34AF61B2B20A10020C09D /* Release */ = {
			isa = XCBuildConfiguration;
			buildSettings = {
				ALWAYS_SEARCH_USER_PATHS = NO;
				CLANG_CXX_LANGUAGE_STANDARD = "gnu++0x";
				CLANG_CXX_LIBRARY = "libc++";
				CLANG_ENABLE_MODULES = YES;
				CLANG_ENABLE_OBJC_ARC = YES;
				CLANG_WARN_BOOL_CONVERSION = YES;
				CLANG_WARN_CONSTANT_CONVERSION = YES;
				CLANG_WARN_DIRECT_OBJC_ISA_USAGE = YES_ERROR;
				CLANG_WARN_EMPTY_BODY = YES;
				CLANG_WARN_ENUM_CONVERSION = YES;
				CLANG_WARN_INT_CONVERSION = YES;
				CLANG_WARN_OBJC_ROOT_CLASS = YES_ERROR;
				CLANG_WARN_UNREACHABLE_CODE = YES;
				CLANG_WARN__DUPLICATE_METHOD_MATCH = YES;
				"CODE_SIGN_IDENTITY[sdk=iphoneos*]" = "iPhone Developer";
				COPY_PHASE_STRIP = NO;
				DEBUG_INFORMATION_FORMAT = "dwarf-with-dsym";
				ENABLE_NS_ASSERTIONS = NO;
				ENABLE_STRICT_OBJC_MSGSEND = YES;
				GCC_C_LANGUAGE_STANDARD = gnu99;
				GCC_NO_COMMON_BLOCKS = YES;
				GCC_WARN_64_TO_32_BIT_CONVERSION = YES;
				GCC_WARN_ABOUT_RETURN_TYPE = YES_ERROR;
				GCC_WARN_UNDECLARED_SELECTOR = YES;
				GCC_WARN_UNINITIALIZED_AUTOS = YES_AGGRESSIVE;
				GCC_WARN_UNUSED_FUNCTION = YES;
				GCC_WARN_UNUSED_VARIABLE = YES;
				IPHONEOS_DEPLOYMENT_TARGET = 8.3;
				MTL_ENABLE_DEBUG_INFO = NO;
				SDKROOT = iphoneos;
				TARGETED_DEVICE_FAMILY = "1,2";
				VALIDATE_PRODUCT = YES;
			};
			name = Release;
		};
		24F34AF81B2B20A10020C09D /* Debug */ = {
			isa = XCBuildConfiguration;
			buildSettings = {
				ASSETCATALOG_COMPILER_APPICON_NAME = AppIcon;
				CODE_SIGN_IDENTITY = "iPhone Developer";
				"CODE_SIGN_IDENTITY[sdk=iphoneos*]" = "iPhone Developer";
				INFOPLIST_FILE = CameraExample/Info.plist;
				IPHONEOS_DEPLOYMENT_TARGET = 7.0;
				LD_RUNPATH_SEARCH_PATHS = "$(inherited) @executable_path/Frameworks";
				PRODUCT_NAME = "$(TARGET_NAME)";
				PROVISIONING_PROFILE = "";
				TARGETED_DEVICE_FAMILY = 1;
			};
			name = Debug;
		};
		24F34AF91B2B20A10020C09D /* Release */ = {
			isa = XCBuildConfiguration;
			buildSettings = {
				ASSETCATALOG_COMPILER_APPICON_NAME = AppIcon;
				CODE_SIGN_IDENTITY = "iPhone Developer";
				"CODE_SIGN_IDENTITY[sdk=iphoneos*]" = "iPhone Developer";
				INFOPLIST_FILE = CameraExample/Info.plist;
				IPHONEOS_DEPLOYMENT_TARGET = 7.0;
				LD_RUNPATH_SEARCH_PATHS = "$(inherited) @executable_path/Frameworks";
				PRODUCT_NAME = "$(TARGET_NAME)";
				PROVISIONING_PROFILE = "";
				TARGETED_DEVICE_FAMILY = 1;
			};
			name = Release;
		};
		24F34AFB1B2B20A10020C09D /* Debug */ = {
			isa = XCBuildConfiguration;
			buildSettings = {
				BUNDLE_LOADER = "$(TEST_HOST)";
				FRAMEWORK_SEARCH_PATHS = (
					"$(SDKROOT)/Developer/Library/Frameworks",
					"$(inherited)",
				);
				GCC_PREPROCESSOR_DEFINITIONS = (
					"DEBUG=1",
					"$(inherited)",
				);
				INFOPLIST_FILE = CameraExampleTests/Info.plist;
				LD_RUNPATH_SEARCH_PATHS = "$(inherited) @executable_path/Frameworks @loader_path/Frameworks";
				PRODUCT_NAME = "$(TARGET_NAME)";
				TEST_HOST = "$(BUILT_PRODUCTS_DIR)/CameraExample.app/CameraExample";
			};
			name = Debug;
		};
		24F34AFC1B2B20A10020C09D /* Release */ = {
			isa = XCBuildConfiguration;
			buildSettings = {
				BUNDLE_LOADER = "$(TEST_HOST)";
				FRAMEWORK_SEARCH_PATHS = (
					"$(SDKROOT)/Developer/Library/Frameworks",
					"$(inherited)",
				);
				INFOPLIST_FILE = CameraExampleTests/Info.plist;
				LD_RUNPATH_SEARCH_PATHS = "$(inherited) @executable_path/Frameworks @loader_path/Frameworks";
				PRODUCT_NAME = "$(TARGET_NAME)";
				TEST_HOST = "$(BUILT_PRODUCTS_DIR)/CameraExample.app/CameraExample";
			};
			name = Release;
		};
/* End XCBuildConfiguration section */

/* Begin XCConfigurationList section */
		24F34ACF1B2B20A10020C09D /* Build configuration list for PBXProject "CameraExample" */ = {
			isa = XCConfigurationList;
			buildConfigurations = (
				24F34AF51B2B20A10020C09D /* Debug */,
				24F34AF61B2B20A10020C09D /* Release */,
			);
			defaultConfigurationIsVisible = 0;
			defaultConfigurationName = Release;
		};
		24F34AF71B2B20A10020C09D /* Build configuration list for PBXNativeTarget "CameraExample" */ = {
			isa = XCConfigurationList;
			buildConfigurations = (
				24F34AF81B2B20A10020C09D /* Debug */,
				24F34AF91B2B20A10020C09D /* Release */,
			);
			defaultConfigurationIsVisible = 0;
		};
		24F34AFA1B2B20A10020C09D /* Build configuration list for PBXNativeTarget "CameraExampleTests" */ = {
			isa = XCConfigurationList;
			buildConfigurations = (
				24F34AFB1B2B20A10020C09D /* Debug */,
				24F34AFC1B2B20A10020C09D /* Release */,
			);
			defaultConfigurationIsVisible = 0;
		};
/* End XCConfigurationList section */
	};
	rootObject = 24F34ACC1B2B20A10020C09D /* Project object */;
}
