// !$*UTF8*$!
{
	archiveVersion = 1;
	classes = {
	};
	objectVersion = 46;
	objects = {

/* Begin PBXBuildFile section */
		24B32F2419E41F980076AE33 /* Foundation.framework in Frameworks */ = {isa = PBXBuildFile; fileRef = 24B32F2319E41F980076AE33 /* Foundation.framework */; };
		24B32F2619E41F980076AE33 /* CoreGraphics.framework in Frameworks */ = {isa = PBXBuildFile; fileRef = 24B32F2519E41F980076AE33 /* CoreGraphics.framework */; };
		24B32F2819E41F980076AE33 /* UIKit.framework in Frameworks */ = {isa = PBXBuildFile; fileRef = 24B32F2719E41F980076AE33 /* UIKit.framework */; };
		24B32F2E19E41F980076AE33 /* InfoPlist.strings in Resources */ = {isa = PBXBuildFile; fileRef = 24B32F2C19E41F980076AE33 /* InfoPlist.strings */; };
		24B32F3019E41F980076AE33 /* main.m in Sources */ = {isa = PBXBuildFile; fileRef = 24B32F2F19E41F980076AE33 /* main.m */; };
		24B32F3419E41F980076AE33 /* AppDelegate.m in Sources */ = {isa = PBXBuildFile; fileRef = 24B32F3319E41F980076AE33 /* AppDelegate.m */; };
		24B32F3719E41F980076AE33 /* Main_iPhone.storyboard in Resources */ = {isa = PBXBuildFile; fileRef = 24B32F3519E41F980076AE33 /* Main_iPhone.storyboard */; };
		24B32F3A19E41F980076AE33 /* Main_iPad.storyboard in Resources */ = {isa = PBXBuildFile; fileRef = 24B32F3819E41F980076AE33 /* Main_iPad.storyboard */; };
		24B32F3D19E41F980076AE33 /* ViewController.m in Sources */ = {isa = PBXBuildFile; fileRef = 24B32F3C19E41F980076AE33 /* ViewController.m */; };
		24B32F3F19E41F980076AE33 /* Images.xcassets in Resources */ = {isa = PBXBuildFile; fileRef = 24B32F3E19E41F980076AE33 /* Images.xcassets */; };
		24B32F4619E41F990076AE33 /* XCTest.framework in Frameworks */ = {isa = PBXBuildFile; fileRef = 24B32F4519E41F990076AE33 /* XCTest.framework */; };
		24B32F4719E41F990076AE33 /* Foundation.framework in Frameworks */ = {isa = PBXBuildFile; fileRef = 24B32F2319E41F980076AE33 /* Foundation.framework */; };
		24B32F4819E41F990076AE33 /* UIKit.framework in Frameworks */ = {isa = PBXBuildFile; fileRef = 24B32F2719E41F980076AE33 /* UIKit.framework */; };
		24B32F5019E41F990076AE33 /* InfoPlist.strings in Resources */ = {isa = PBXBuildFile; fileRef = 24B32F4E19E41F990076AE33 /* InfoPlist.strings */; };
		24B32F5219E41F990076AE33 /* TextfieldTutorialsTests.m in Sources */ = {isa = PBXBuildFile; fileRef = 24B32F5119E41F990076AE33 /* TextfieldTutorialsTests.m */; };
/* End PBXBuildFile section */

/* Begin PBXContainerItemProxy section */
		24B32F4919E41F990076AE33 /* PBXContainerItemProxy */ = {
			isa = PBXContainerItemProxy;
			containerPortal = 24B32F1819E41F980076AE33 /* Project object */;
			proxyType = 1;
			remoteGlobalIDString = 24B32F1F19E41F980076AE33;
			remoteInfo = TextfieldTutorials;
		};
/* End PBXContainerItemProxy section */

/* Begin PBXFileReference section */
		24B32F2019E41F980076AE33 /* TextfieldTutorials.app */ = {isa = PBXFileReference; explicitFileType = wrapper.application; includeInIndex = 0; path = TextfieldTutorials.app; sourceTree = BUILT_PRODUCTS_DIR; };
		24B32F2319E41F980076AE33 /* Foundation.framework */ = {isa = PBXFileReference; lastKnownFileType = wrapper.framework; name = Foundation.framework; path = System/Library/Frameworks/Foundation.framework; sourceTree = SDKROOT; };
		24B32F2519E41F980076AE33 /* CoreGraphics.framework */ = {isa = PBXFileReference; lastKnownFileType = wrapper.framework; name = CoreGraphics.framework; path = System/Library/Frameworks/CoreGraphics.framework; sourceTree = SDKROOT; };
		24B32F2719E41F980076AE33 /* UIKit.framework */ = {isa = PBXFileReference; lastKnownFileType = wrapper.framework; name = UIKit.framework; path = System/Library/Frameworks/UIKit.framework; sourceTree = SDKROOT; };
		24B32F2B19E41F980076AE33 /* TextfieldTutorials-Info.plist */ = {isa = PBXFileReference; lastKnownFileType = text.plist.xml; path = "TextfieldTutorials-Info.plist"; sourceTree = "<group>"; };
		24B32F2D19E41F980076AE33 /* en */ = {isa = PBXFileReference; lastKnownFileType = text.plist.strings; name = en; path = en.lproj/InfoPlist.strings; sourceTree = "<group>"; };
		24B32F2F19E41F980076AE33 /* main.m */ = {isa = PBXFileReference; lastKnownFileType = sourcecode.c.objc; path = main.m; sourceTree = "<group>"; };
		24B32F3119E41F980076AE33 /* TextfieldTutorials-Prefix.pch */ = {isa = PBXFileReference; lastKnownFileType = sourcecode.c.h; path = "TextfieldTutorials-Prefix.pch"; sourceTree = "<group>"; };
		24B32F3219E41F980076AE33 /* AppDelegate.h */ = {isa = PBXFileReference; lastKnownFileType = sourcecode.c.h; path = AppDelegate.h; sourceTree = "<group>"; };
		24B32F3319E41F980076AE33 /* AppDelegate.m */ = {isa = PBXFileReference; lastKnownFileType = sourcecode.c.objc; path = AppDelegate.m; sourceTree = "<group>"; };
		24B32F3619E41F980076AE33 /* Base */ = {isa = PBXFileReference; lastKnownFileType = file.storyboard; name = Base; path = Base.lproj/Main_iPhone.storyboard; sourceTree = "<group>"; };
		24B32F3919E41F980076AE33 /* Base */ = {isa = PBXFileReference; lastKnownFileType = file.storyboard; name = Base; path = Base.lproj/Main_iPad.storyboard; sourceTree = "<group>"; };
		24B32F3B19E41F980076AE33 /* ViewController.h */ = {isa = PBXFileReference; lastKnownFileType = sourcecode.c.h; path = ViewController.h; sourceTree = "<group>"; };
		24B32F3C19E41F980076AE33 /* ViewController.m */ = {isa = PBXFileReference; lastKnownFileType = sourcecode.c.objc; path = ViewController.m; sourceTree = "<group>"; };
		24B32F3E19E41F980076AE33 /* Images.xcassets */ = {isa = PBXFileReference; lastKnownFileType = folder.assetcatalog; path = Images.xcassets; sourceTree = "<group>"; };
		24B32F4419E41F990076AE33 /* TextfieldTutorialsTests.xctest */ = {isa = PBXFileReference; explicitFileType = wrapper.cfbundle; includeInIndex = 0; path = TextfieldTutorialsTests.xctest; sourceTree = BUILT_PRODUCTS_DIR; };
		24B32F4519E41F990076AE33 /* XCTest.framework */ = {isa = PBXFileReference; lastKnownFileType = wrapper.framework; name = XCTest.framework; path = Library/Frameworks/XCTest.framework; sourceTree = DEVELOPER_DIR; };
		24B32F4D19E41F990076AE33 /* TextfieldTutorialsTests-Info.plist */ = {isa = PBXFileReference; lastKnownFileType = text.plist.xml; path = "TextfieldTutorialsTests-Info.plist"; sourceTree = "<group>"; };
		24B32F4F19E41F990076AE33 /* en */ = {isa = PBXFileReference; lastKnownFileType = text.plist.strings; name = en; path = en.lproj/InfoPlist.strings; sourceTree = "<group>"; };
		24B32F5119E41F990076AE33 /* TextfieldTutorialsTests.m */ = {isa = PBXFileReference; lastKnownFileType = sourcecode.c.objc; path = TextfieldTutorialsTests.m; sourceTree = "<group>"; };
/* End PBXFileReference section */

/* Begin PBXFrameworksBuildPhase section */
		24B32F1D19E41F980076AE33 /* Frameworks */ = {
			isa = PBXFrameworksBuildPhase;
			buildActionMask = 2147483647;
			files = (
				24B32F2619E41F980076AE33 /* CoreGraphics.framework in Frameworks */,
				24B32F2819E41F980076AE33 /* UIKit.framework in Frameworks */,
				24B32F2419E41F980076AE33 /* Foundation.framework in Frameworks */,
			);
			runOnlyForDeploymentPostprocessing = 0;
		};
		24B32F4119E41F990076AE33 /* Frameworks */ = {
			isa = PBXFrameworksBuildPhase;
			buildActionMask = 2147483647;
			files = (
				24B32F4619E41F990076AE33 /* XCTest.framework in Frameworks */,
				24B32F4819E41F990076AE33 /* UIKit.framework in Frameworks */,
				24B32F4719E41F990076AE33 /* Foundation.framework in Frameworks */,
			);
			runOnlyForDeploymentPostprocessing = 0;
		};
/* End PBXFrameworksBuildPhase section */

/* Begin PBXGroup section */
		24B32F1719E41F980076AE33 = {
			isa = PBXGroup;
			children = (
				24B32F2919E41F980076AE33 /* TextfieldTutorials */,
				24B32F4B19E41F990076AE33 /* TextfieldTutorialsTests */,
				24B32F2219E41F980076AE33 /* Frameworks */,
				24B32F2119E41F980076AE33 /* Products */,
			);
			sourceTree = "<group>";
		};
		24B32F2119E41F980076AE33 /* Products */ = {
			isa = PBXGroup;
			children = (
				24B32F2019E41F980076AE33 /* TextfieldTutorials.app */,
				24B32F4419E41F990076AE33 /* TextfieldTutorialsTests.xctest */,
			);
			name = Products;
			sourceTree = "<group>";
		};
		24B32F2219E41F980076AE33 /* Frameworks */ = {
			isa = PBXGroup;
			children = (
				24B32F2319E41F980076AE33 /* Foundation.framework */,
				24B32F2519E41F980076AE33 /* CoreGraphics.framework */,
				24B32F2719E41F980076AE33 /* UIKit.framework */,
				24B32F4519E41F990076AE33 /* XCTest.framework */,
			);
			name = Frameworks;
			sourceTree = "<group>";
		};
		24B32F2919E41F980076AE33 /* TextfieldTutorials */ = {
			isa = PBXGroup;
			children = (
				24B32F3219E41F980076AE33 /* AppDelegate.h */,
				24B32F3319E41F980076AE33 /* AppDelegate.m */,
				24B32F3519E41F980076AE33 /* Main_iPhone.storyboard */,
				24B32F3819E41F980076AE33 /* Main_iPad.storyboard */,
				24B32F3B19E41F980076AE33 /* ViewController.h */,
				24B32F3C19E41F980076AE33 /* ViewController.m */,
				24B32F3E19E41F980076AE33 /* Images.xcassets */,
				24B32F2A19E41F980076AE33 /* Supporting Files */,
			);
			path = TextfieldTutorials;
			sourceTree = "<group>";
		};
		24B32F2A19E41F980076AE33 /* Supporting Files */ = {
			isa = PBXGroup;
			children = (
				24B32F2B19E41F980076AE33 /* TextfieldTutorials-Info.plist */,
				24B32F2C19E41F980076AE33 /* InfoPlist.strings */,
				24B32F2F19E41F980076AE33 /* main.m */,
				24B32F3119E41F980076AE33 /* TextfieldTutorials-Prefix.pch */,
			);
			name = "Supporting Files";
			sourceTree = "<group>";
		};
		24B32F4B19E41F990076AE33 /* TextfieldTutorialsTests */ = {
			isa = PBXGroup;
			children = (
				24B32F5119E41F990076AE33 /* TextfieldTutorialsTests.m */,
				24B32F4C19E41F990076AE33 /* Supporting Files */,
			);
			path = TextfieldTutorialsTests;
			sourceTree = "<group>";
		};
		24B32F4C19E41F990076AE33 /* Supporting Files */ = {
			isa = PBXGroup;
			children = (
				24B32F4D19E41F990076AE33 /* TextfieldTutorialsTests-Info.plist */,
				24B32F4E19E41F990076AE33 /* InfoPlist.strings */,
			);
			name = "Supporting Files";
			sourceTree = "<group>";
		};
/* End PBXGroup section */

/* Begin PBXNativeTarget section */
		24B32F1F19E41F980076AE33 /* TextfieldTutorials */ = {
			isa = PBXNativeTarget;
			buildConfigurationList = 24B32F5519E41F990076AE33 /* Build configuration list for PBXNativeTarget "TextfieldTutorials" */;
			buildPhases = (
				24B32F1C19E41F980076AE33 /* Sources */,
				24B32F1D19E41F980076AE33 /* Frameworks */,
				24B32F1E19E41F980076AE33 /* Resources */,
			);
			buildRules = (
			);
			dependencies = (
			);
			name = TextfieldTutorials;
			productName = TextfieldTutorials;
			productReference = 24B32F2019E41F980076AE33 /* TextfieldTutorials.app */;
			productType = "com.apple.product-type.application";
		};
		24B32F4319E41F990076AE33 /* TextfieldTutorialsTests */ = {
			isa = PBXNativeTarget;
			buildConfigurationList = 24B32F5819E41F990076AE33 /* Build configuration list for PBXNativeTarget "TextfieldTutorialsTests" */;
			buildPhases = (
				24B32F4019E41F990076AE33 /* Sources */,
				24B32F4119E41F990076AE33 /* Frameworks */,
				24B32F4219E41F990076AE33 /* Resources */,
			);
			buildRules = (
			);
			dependencies = (
				24B32F4A19E41F990076AE33 /* PBXTargetDependency */,
			);
			name = TextfieldTutorialsTests;
			productName = TextfieldTutorialsTests;
			productReference = 24B32F4419E41F990076AE33 /* TextfieldTutorialsTests.xctest */;
			productType = "com.apple.product-type.bundle.unit-test";
		};
/* End PBXNativeTarget section */

/* Begin PBXProject section */
		24B32F1819E41F980076AE33 /* Project object */ = {
			isa = PBXProject;
			attributes = {
				LastUpgradeCheck = 0510;
				ORGANIZATIONNAME = ugurdonmez;
				TargetAttributes = {
					24B32F4319E41F990076AE33 = {
						TestTargetID = 24B32F1F19E41F980076AE33;
					};
				};
			};
			buildConfigurationList = 24B32F1B19E41F980076AE33 /* Build configuration list for PBXProject "TextfieldTutorials" */;
			compatibilityVersion = "Xcode 3.2";
			developmentRegion = English;
			hasScannedForEncodings = 0;
			knownRegions = (
				en,
				Base,
			);
			mainGroup = 24B32F1719E41F980076AE33;
			productRefGroup = 24B32F2119E41F980076AE33 /* Products */;
			projectDirPath = "";
			projectRoot = "";
			targets = (
				24B32F1F19E41F980076AE33 /* TextfieldTutorials */,
				24B32F4319E41F990076AE33 /* TextfieldTutorialsTests */,
			);
		};
/* End PBXProject section */

/* Begin PBXResourcesBuildPhase section */
		24B32F1E19E41F980076AE33 /* Resources */ = {
			isa = PBXResourcesBuildPhase;
			buildActionMask = 2147483647;
			files = (
				24B32F3A19E41F980076AE33 /* Main_iPad.storyboard in Resources */,
				24B32F3F19E41F980076AE33 /* Images.xcassets in Resources */,
				24B32F3719E41F980076AE33 /* Main_iPhone.storyboard in Resources */,
				24B32F2E19E41F980076AE33 /* InfoPlist.strings in Resources */,
			);
			runOnlyForDeploymentPostprocessing = 0;
		};
		24B32F4219E41F990076AE33 /* Resources */ = {
			isa = PBXResourcesBuildPhase;
			buildActionMask = 2147483647;
			files = (
				24B32F5019E41F990076AE33 /* InfoPlist.strings in Resources */,
			);
			runOnlyForDeploymentPostprocessing = 0;
		};
/* End PBXResourcesBuildPhase section */

/* Begin PBXSourcesBuildPhase section */
		24B32F1C19E41F980076AE33 /* Sources */ = {
			isa = PBXSourcesBuildPhase;
			buildActionMask = 2147483647;
			files = (
				24B32F3D19E41F980076AE33 /* ViewController.m in Sources */,
				24B32F3419E41F980076AE33 /* AppDelegate.m in Sources */,
				24B32F3019E41F980076AE33 /* main.m in Sources */,
			);
			runOnlyForDeploymentPostprocessing = 0;
		};
		24B32F4019E41F990076AE33 /* Sources */ = {
			isa = PBXSourcesBuildPhase;
			buildActionMask = 2147483647;
			files = (
				24B32F5219E41F990076AE33 /* TextfieldTutorialsTests.m in Sources */,
			);
			runOnlyForDeploymentPostprocessing = 0;
		};
/* End PBXSourcesBuildPhase section */

/* Begin PBXTargetDependency section */
		24B32F4A19E41F990076AE33 /* PBXTargetDependency */ = {
			isa = PBXTargetDependency;
			target = 24B32F1F19E41F980076AE33 /* TextfieldTutorials */;
			targetProxy = 24B32F4919E41F990076AE33 /* PBXContainerItemProxy */;
		};
/* End PBXTargetDependency section */

/* Begin PBXVariantGroup section */
		24B32F2C19E41F980076AE33 /* InfoPlist.strings */ = {
			isa = PBXVariantGroup;
			children = (
				24B32F2D19E41F980076AE33 /* en */,
			);
			name = InfoPlist.strings;
			sourceTree = "<group>";
		};
		24B32F3519E41F980076AE33 /* Main_iPhone.storyboard */ = {
			isa = PBXVariantGroup;
			children = (
				24B32F3619E41F980076AE33 /* Base */,
			);
			name = Main_iPhone.storyboard;
			sourceTree = "<group>";
		};
		24B32F3819E41F980076AE33 /* Main_iPad.storyboard */ = {
			isa = PBXVariantGroup;
			children = (
				24B32F3919E41F980076AE33 /* Base */,
			);
			name = Main_iPad.storyboard;
			sourceTree = "<group>";
		};
		24B32F4E19E41F990076AE33 /* InfoPlist.strings */ = {
			isa = PBXVariantGroup;
			children = (
				24B32F4F19E41F990076AE33 /* en */,
			);
			name = InfoPlist.strings;
			sourceTree = "<group>";
		};
/* End PBXVariantGroup section */

/* Begin XCBuildConfiguration section */
		24B32F5319E41F990076AE33 /* Debug */ = {
			isa = XCBuildConfiguration;
			buildSettings = {
				ALWAYS_SEARCH_USER_PATHS = NO;
				CLANG_CXX_LANGUAGE_STANDARD = "gnu++0x";
				CLANG_CXX_LIBRARY = "libc++";
				CLANG_ENABLE_MODULES = YES;
				CLANG_ENABLE_OBJC_ARC = YES;
				CLANG_WARN_BOOL_CONVERSION = YES;
				CLANG_WARN_CONSTANT_CONVERSION = YES;
				CLANG_WARN_DIRECT_OBJC_ISA_USAGE = YES_ERROR;
				CLANG_WARN_EMPTY_BODY = YES;
				CLANG_WARN_ENUM_CONVERSION = YES;
				CLANG_WARN_INT_CONVERSION = YES;
				CLANG_WARN_OBJC_ROOT_CLASS = YES_ERROR;
				CLANG_WARN__DUPLICATE_METHOD_MATCH = YES;
				"CODE_SIGN_IDENTITY[sdk=iphoneos*]" = "iPhone Developer";
				COPY_PHASE_STRIP = NO;
				GCC_C_LANGUAGE_STANDARD = gnu99;
				GCC_DYNAMIC_NO_PIC = NO;
				GCC_OPTIMIZATION_LEVEL = 0;
				GCC_PREPROCESSOR_DEFINITIONS = (
					"DEBUG=1",
					"$(inherited)",
				);
				GCC_SYMBOLS_PRIVATE_EXTERN = NO;
				GCC_WARN_64_TO_32_BIT_CONVERSION = YES;
				GCC_WARN_ABOUT_RETURN_TYPE = YES_ERROR;
				GCC_WARN_UNDECLARED_SELECTOR = YES;
				GCC_WARN_UNINITIALIZED_AUTOS = YES_AGGRESSIVE;
				GCC_WARN_UNUSED_FUNCTION = YES;
				GCC_WARN_UNUSED_VARIABLE = YES;
				IPHONEOS_DEPLOYMENT_TARGET = 7.1;
				ONLY_ACTIVE_ARCH = YES;
				SDKROOT = iphoneos;
				TARGETED_DEVICE_FAMILY = "1,2";
			};
			name = Debug;
		};
		24B32F5419E41F990076AE33 /* Release */ = {
			isa = XCBuildConfiguration;
			buildSettings = {
				ALWAYS_SEARCH_USER_PATHS = NO;
				CLANG_CXX_LANGUAGE_STANDARD = "gnu++0x";
				CLANG_CXX_LIBRARY = "libc++";
				CLANG_ENABLE_MODULES = YES;
				CLANG_ENABLE_OBJC_ARC = YES;
				CLANG_WARN_BOOL_CONVERSION = YES;
				CLANG_WARN_CONSTANT_CONVERSION = YES;
				CLANG_WARN_DIRECT_OBJC_ISA_USAGE = YES_ERROR;
				CLANG_WARN_EMPTY_BODY = YES;
				CLANG_WARN_ENUM_CONVERSION = YES;
				CLANG_WARN_INT_CONVERSION = YES;
				CLANG_WARN_OBJC_ROOT_CLASS = YES_ERROR;
				CLANG_WARN__DUPLICATE_METHOD_MATCH = YES;
				"CODE_SIGN_IDENTITY[sdk=iphoneos*]" = "iPhone Developer";
				COPY_PHASE_STRIP = YES;
				ENABLE_NS_ASSERTIONS = NO;
				GCC_C_LANGUAGE_STANDARD = gnu99;
				GCC_WARN_64_TO_32_BIT_CONVERSION = YES;
				GCC_WARN_ABOUT_RETURN_TYPE = YES_ERROR;
				GCC_WARN_UNDECLARED_SELECTOR = YES;
				GCC_WARN_UNINITIALIZED_AUTOS = YES_AGGRESSIVE;
				GCC_WARN_UNUSED_FUNCTION = YES;
				GCC_WARN_UNUSED_VARIABLE = YES;
				IPHONEOS_DEPLOYMENT_TARGET = 7.1;
				SDKROOT = iphoneos;
				TARGETED_DEVICE_FAMILY = "1,2";
				VALIDATE_PRODUCT = YES;
			};
			name = Release;
		};
		24B32F5619E41F990076AE33 /* Debug */ = {
			isa = XCBuildConfiguration;
			buildSettings = {
				ASSETCATALOG_COMPILER_APPICON_NAME = AppIcon;
				ASSETCATALOG_COMPILER_LAUNCHIMAGE_NAME = LaunchImage;
				GCC_PRECOMPILE_PREFIX_HEADER = YES;
				GCC_PREFIX_HEADER = "TextfieldTutorials/TextfieldTutorials-Prefix.pch";
				INFOPLIST_FILE = "TextfieldTutorials/TextfieldTutorials-Info.plist";
				PRODUCT_NAME = "$(TARGET_NAME)";
				WRAPPER_EXTENSION = app;
			};
			name = Debug;
		};
		24B32F5719E41F990076AE33 /* Release */ = {
			isa = XCBuildConfiguration;
			buildSettings = {
				ASSETCATALOG_COMPILER_APPICON_NAME = AppIcon;
				ASSETCATALOG_COMPILER_LAUNCHIMAGE_NAME = LaunchImage;
				GCC_PRECOMPILE_PREFIX_HEADER = YES;
				GCC_PREFIX_HEADER = "TextfieldTutorials/TextfieldTutorials-Prefix.pch";
				INFOPLIST_FILE = "TextfieldTutorials/TextfieldTutorials-Info.plist";
				PRODUCT_NAME = "$(TARGET_NAME)";
				WRAPPER_EXTENSION = app;
			};
			name = Release;
		};
		24B32F5919E41F990076AE33 /* Debug */ = {
			isa = XCBuildConfiguration;
			buildSettings = {
				BUNDLE_LOADER = "$(BUILT_PRODUCTS_DIR)/TextfieldTutorials.app/TextfieldTutorials";
				FRAMEWORK_SEARCH_PATHS = (
					"$(SDKROOT)/Developer/Library/Frameworks",
					"$(inherited)",
					"$(DEVELOPER_FRAMEWORKS_DIR)",
				);
				GCC_PRECOMPILE_PREFIX_HEADER = YES;
				GCC_PREFIX_HEADER = "TextfieldTutorials/TextfieldTutorials-Prefix.pch";
				GCC_PREPROCESSOR_DEFINITIONS = (
					"DEBUG=1",
					"$(inherited)",
				);
				INFOPLIST_FILE = "TextfieldTutorialsTests/TextfieldTutorialsTests-Info.plist";
				PRODUCT_NAME = "$(TARGET_NAME)";
				TEST_HOST = "$(BUNDLE_LOADER)";
				WRAPPER_EXTENSION = xctest;
			};
			name = Debug;
		};
		24B32F5A19E41F990076AE33 /* Release */ = {
			isa = XCBuildConfiguration;
			buildSettings = {
				BUNDLE_LOADER = "$(BUILT_PRODUCTS_DIR)/TextfieldTutorials.app/TextfieldTutorials";
				FRAMEWORK_SEARCH_PATHS = (
					"$(SDKROOT)/Developer/Library/Frameworks",
					"$(inherited)",
					"$(DEVELOPER_FRAMEWORKS_DIR)",
				);
				GCC_PRECOMPILE_PREFIX_HEADER = YES;
				GCC_PREFIX_HEADER = "TextfieldTutorials/TextfieldTutorials-Prefix.pch";
				INFOPLIST_FILE = "TextfieldTutorialsTests/TextfieldTutorialsTests-Info.plist";
				PRODUCT_NAME = "$(TARGET_NAME)";
				TEST_HOST = "$(BUNDLE_LOADER)";
				WRAPPER_EXTENSION = xctest;
			};
			name = Release;
		};
/* End XCBuildConfiguration section */

/* Begin XCConfigurationList section */
		24B32F1B19E41F980076AE33 /* Build configuration list for PBXProject "TextfieldTutorials" */ = {
			isa = XCConfigurationList;
			buildConfigurations = (
				24B32F5319E41F990076AE33 /* Debug */,
				24B32F5419E41F990076AE33 /* Release */,
			);
			defaultConfigurationIsVisible = 0;
			defaultConfigurationName = Release;
		};
		24B32F5519E41F990076AE33 /* Build configuration list for PBXNativeTarget "TextfieldTutorials" */ = {
			isa = XCConfigurationList;
			buildConfigurations = (
				24B32F5619E41F990076AE33 /* Debug */,
				24B32F5719E41F990076AE33 /* Release */,
			);
			defaultConfigurationIsVisible = 0;
		};
		24B32F5819E41F990076AE33 /* Build configuration list for PBXNativeTarget "TextfieldTutorialsTests" */ = {
			isa = XCConfigurationList;
			buildConfigurations = (
				24B32F5919E41F990076AE33 /* Debug */,
				24B32F5A19E41F990076AE33 /* Release */,
			);
			defaultConfigurationIsVisible = 0;
		};
/* End XCConfigurationList section */
	};
	rootObject = 24B32F1819E41F980076AE33 /* Project object */;
}
